
Microsoft Visual Studio Solution File, Format Version 12.00
# Visual Studio Version 17
VisualStudioVersion = 17.5.002.0
MinimumVisualStudioVersion = 10.0.40219.1
Project("{9A19103F-16F7-4668-BE54-9A1E7A4F7556}") = "basics", "basics\basics.csproj", "{3FFFAFAA-D7BE-4524-92C2-6495E90C852D}"
EndProject
Global
	GlobalSection(SolutionConfigurationPlatforms) = preSolution
		Debug|Any CPU = Debug|Any CPU
		Release|Any CPU = Release|Any CPU
	EndGlobalSection
	GlobalSection(ProjectConfigurationPlatforms) = postSolution
		{3FFFAFAA-D7BE-4524-92C2-6495E90C852D}.Debug|Any CPU.ActiveCfg = Debug|Any CPU
		{3FFFAFAA-D7BE-4524-92C2-6495E90C852D}.Debug|Any CPU.Build.0 = Debug|Any CPU
		{3FFFAFAA-D7BE-4524-92C2-6495E90C852D}.Release|Any CPU.ActiveCfg = Release|Any CPU
		{3FFFAFAA-D7BE-4524-92C2-6495E90C852D}.Release|Any CPU.Build.0 = Release|Any CPU
	EndGlobalSection
	GlobalSection(SolutionProperties) = preSolution
		HideSolutionNode = FALSE
	EndGlobalSection
	GlobalSection(ExtensibilityGlobals) = postSolution
		SolutionGuid = {7BA9D13D-507A-436E-A553-40499F660077}
	EndGlobalSection
EndGlobal
